
Microsoft Visual Studio Solution File, Format Version 12.00
# Visual Studio Version 17
VisualStudioVersion = 17.4.33103.184
MinimumVisualStudioVersion = 10.0.40219.1
Project("{FAE04EC0-301F-11D3-BF4B-00C04F79EFBC}") = "AtaPPZlab4-5con", "AtaPPZlab4-5con\AtaPPZlab4-5con.csproj", "{8D8C763B-8540-42CC-8173-E810B877FB12}"
EndProject
Project("{FAE04EC0-301F-11D3-BF4B-00C04F79EFBC}") = "BLL", "BLL\BLL.csproj", "{ED94BDBF-B825-4017-B524-6242DA6C8D98}"
EndProject
Project("{FAE04EC0-301F-11D3-BF4B-00C04F79EFBC}") = "DAL", "DAL\DAL.csproj", "{6CCAFAFD-7FE2-449A-91E0-5637BC97D27D}"
EndProject
Project("{FAE04EC0-301F-11D3-BF4B-00C04F79EFBC}") = "PL", "PL\PL.csproj", "{E06A60CB-F372-4569-B39B-C711644E909B}"
EndProject
Global
	GlobalSection(SolutionConfigurationPlatforms) = preSolution
		Debug|Any CPU = Debug|Any CPU
		Release|Any CPU = Release|Any CPU
	EndGlobalSection
	GlobalSection(ProjectConfigurationPlatforms) = postSolution
		{8D8C763B-8540-42CC-8173-E810B877FB12}.Debug|Any CPU.ActiveCfg = Debug|Any CPU
		{8D8C763B-8540-42CC-8173-E810B877FB12}.Debug|Any CPU.Build.0 = Debug|Any CPU
		{8D8C763B-8540-42CC-8173-E810B877FB12}.Release|Any CPU.ActiveCfg = Release|Any CPU
		{8D8C763B-8540-42CC-8173-E810B877FB12}.Release|Any CPU.Build.0 = Release|Any CPU
		{ED94BDBF-B825-4017-B524-6242DA6C8D98}.Debug|Any CPU.ActiveCfg = Debug|Any CPU
		{ED94BDBF-B825-4017-B524-6242DA6C8D98}.Debug|Any CPU.Build.0 = Debug|Any CPU
		{ED94BDBF-B825-4017-B524-6242DA6C8D98}.Release|Any CPU.ActiveCfg = Release|Any CPU
		{ED94BDBF-B825-4017-B524-6242DA6C8D98}.Release|Any CPU.Build.0 = Release|Any CPU
		{6CCAFAFD-7FE2-449A-91E0-5637BC97D27D}.Debug|Any CPU.ActiveCfg = Debug|Any CPU
		{6CCAFAFD-7FE2-449A-91E0-5637BC97D27D}.Debug|Any CPU.Build.0 = Debug|Any CPU
		{6CCAFAFD-7FE2-449A-91E0-5637BC97D27D}.Release|Any CPU.ActiveCfg = Release|Any CPU
		{6CCAFAFD-7FE2-449A-91E0-5637BC97D27D}.Release|Any CPU.Build.0 = Release|Any CPU
		{E06A60CB-F372-4569-B39B-C711644E909B}.Debug|Any CPU.ActiveCfg = Debug|Any CPU
		{E06A60CB-F372-4569-B39B-C711644E909B}.Debug|Any CPU.Build.0 = Debug|Any CPU
		{E06A60CB-F372-4569-B39B-C711644E909B}.Release|Any CPU.ActiveCfg = Release|Any CPU
		{E06A60CB-F372-4569-B39B-C711644E909B}.Release|Any CPU.Build.0 = Release|Any CPU
	EndGlobalSection
	GlobalSection(SolutionProperties) = preSolution
		HideSolutionNode = FALSE
	EndGlobalSection
	GlobalSection(ExtensibilityGlobals) = postSolution
		SolutionGuid = {35EABCD5-7A48-49C6-A41A-7476CA0D9FA7}
	EndGlobalSection
EndGlobal
